
Microsoft Visual Studio Solution File, Format Version 12.00
# Visual Studio 15
VisualStudioVersion = 15.0.28307.489
MinimumVisualStudioVersion = 10.0.40219.1
Project("{2150E333-8FDC-42A3-9474-1A3956D46DE8}") = "src", "src", "{A77F645A-1D30-48F6-98C8-3D40D42EFF23}"
EndProject
Project("{2150E333-8FDC-42A3-9474-1A3956D46DE8}") = "api", "api", "{74D3C9DC-D9BC-449E-AE6A-CED2C759CF45}"
EndProject
Project("{2150E333-8FDC-42A3-9474-1A3956D46DE8}") = "AuthServer", "AuthServer", "{FD54BB88-21AD-4FC6-8F60-6E119489A0E4}"
EndProject
Project("{2150E333-8FDC-42A3-9474-1A3956D46DE8}") = "Resource", "Resource", "{6C394782-5B9C-47D5-9A88-BCA3DBDC9C85}"
EndProject
Project("{9A19103F-16F7-4668-BE54-9A1E7A4F7556}") = "AuthServer.Api", "src\api\AuthServer\AuthServer.Api\AuthServer.Api.csproj", "{150A0418-A370-40A7-8188-91651DD13924}"
EndProject
Project("{9A19103F-16F7-4668-BE54-9A1E7A4F7556}") = "Resource.Api", "src\api\Resource\Resource.Api\Resource.Api.csproj", "{40B4CC99-7A11-4B83-8F7D-CEAA62460A35}"
EndProject
Project("{9A19103F-16F7-4668-BE54-9A1E7A4F7556}") = "Resource.Infrastructure", "src\api\Resource\Resource.Infrastructure\Resource.Infrastructure.csproj", "{15B18F2B-2B7C-4F31-8C55-ED408EAF8715}"
EndProject
Project("{2150E333-8FDC-42A3-9474-1A3956D46DE8}") = "database", "database", "{1F944BD7-0CCA-4937-BD81-297A1D2B5E0A}"
EndProject
Project("{00D1A9C2-B5F0-4AF3-8072-F6C62B433612}") = "SimpleCQRS", "src\database\SimpleCQRS\SimpleCQRS.sqlproj", "{6477572C-1A2F-4437-99D8-D27B1391E73F}"
EndProject
Project("{2150E333-8FDC-42A3-9474-1A3956D46DE8}") = "Solution Items", "Solution Items", "{0403298A-BA71-4C34-AB5C-2867557687EE}"
	ProjectSection(SolutionItems) = preProject
		ReadMe.md = ReadMe.md
	EndProjectSection
EndProject
Project("{2150E333-8FDC-42A3-9474-1A3956D46DE8}") = "test", "test", "{97368B7C-01DA-466C-8F29-FBE427AB979D}"
EndProject
Project("{2150E333-8FDC-42A3-9474-1A3956D46DE8}") = "api", "api", "{AD1028D6-006F-4186-A19C-C443BE6B14B7}"
EndProject
Project("{2150E333-8FDC-42A3-9474-1A3956D46DE8}") = "Resource", "Resource", "{23D24528-5E5C-4174-B3E9-1168CFB0E0C3}"
EndProject
Project("{9A19103F-16F7-4668-BE54-9A1E7A4F7556}") = "Resource.Infrastructure.Tests", "test\api\Resource\Resource.Infrastructure.Tests\Resource.Infrastructure.Tests.csproj", "{F4541C61-865B-472E-AA87-AA0C2FC2C388}"
EndProject
Project("{9A19103F-16F7-4668-BE54-9A1E7A4F7556}") = "Resource.Api.Tests", "test\api\Resource\Resource.Api.Tests\Resource.Api.Tests.csproj", "{3977509C-1ADD-46D9-9DBB-5FE4C382511A}"
EndProject
Project("{2150E333-8FDC-42A3-9474-1A3956D46DE8}") = "unittest", "unittest", "{19157F62-43DF-4B3D-BD39-35947365EAE2}"
EndProject
Global
	GlobalSection(SolutionConfigurationPlatforms) = preSolution
		Debug|Any CPU = Debug|Any CPU
		Release|Any CPU = Release|Any CPU
	EndGlobalSection
	GlobalSection(ProjectConfigurationPlatforms) = postSolution
		{150A0418-A370-40A7-8188-91651DD13924}.Debug|Any CPU.ActiveCfg = Debug|Any CPU
		{150A0418-A370-40A7-8188-91651DD13924}.Debug|Any CPU.Build.0 = Debug|Any CPU
		{150A0418-A370-40A7-8188-91651DD13924}.Release|Any CPU.ActiveCfg = Release|Any CPU
		{150A0418-A370-40A7-8188-91651DD13924}.Release|Any CPU.Build.0 = Release|Any CPU
		{40B4CC99-7A11-4B83-8F7D-CEAA62460A35}.Debug|Any CPU.ActiveCfg = Debug|Any CPU
		{40B4CC99-7A11-4B83-8F7D-CEAA62460A35}.Debug|Any CPU.Build.0 = Debug|Any CPU
		{40B4CC99-7A11-4B83-8F7D-CEAA62460A35}.Release|Any CPU.ActiveCfg = Release|Any CPU
		{40B4CC99-7A11-4B83-8F7D-CEAA62460A35}.Release|Any CPU.Build.0 = Release|Any CPU
		{15B18F2B-2B7C-4F31-8C55-ED408EAF8715}.Debug|Any CPU.ActiveCfg = Debug|Any CPU
		{15B18F2B-2B7C-4F31-8C55-ED408EAF8715}.Debug|Any CPU.Build.0 = Debug|Any CPU
		{15B18F2B-2B7C-4F31-8C55-ED408EAF8715}.Release|Any CPU.ActiveCfg = Release|Any CPU
		{15B18F2B-2B7C-4F31-8C55-ED408EAF8715}.Release|Any CPU.Build.0 = Release|Any CPU
		{6477572C-1A2F-4437-99D8-D27B1391E73F}.Debug|Any CPU.ActiveCfg = Debug|Any CPU
		{6477572C-1A2F-4437-99D8-D27B1391E73F}.Debug|Any CPU.Build.0 = Debug|Any CPU
		{6477572C-1A2F-4437-99D8-D27B1391E73F}.Debug|Any CPU.Deploy.0 = Debug|Any CPU
		{6477572C-1A2F-4437-99D8-D27B1391E73F}.Release|Any CPU.ActiveCfg = Release|Any CPU
		{6477572C-1A2F-4437-99D8-D27B1391E73F}.Release|Any CPU.Build.0 = Release|Any CPU
		{6477572C-1A2F-4437-99D8-D27B1391E73F}.Release|Any CPU.Deploy.0 = Release|Any CPU
		{F4541C61-865B-472E-AA87-AA0C2FC2C388}.Debug|Any CPU.ActiveCfg = Debug|Any CPU
		{F4541C61-865B-472E-AA87-AA0C2FC2C388}.Debug|Any CPU.Build.0 = Debug|Any CPU
		{F4541C61-865B-472E-AA87-AA0C2FC2C388}.Release|Any CPU.ActiveCfg = Release|Any CPU
		{F4541C61-865B-472E-AA87-AA0C2FC2C388}.Release|Any CPU.Build.0 = Release|Any CPU
		{3977509C-1ADD-46D9-9DBB-5FE4C382511A}.Debug|Any CPU.ActiveCfg = Debug|Any CPU
		{3977509C-1ADD-46D9-9DBB-5FE4C382511A}.Debug|Any CPU.Build.0 = Debug|Any CPU
		{3977509C-1ADD-46D9-9DBB-5FE4C382511A}.Release|Any CPU.ActiveCfg = Release|Any CPU
		{3977509C-1ADD-46D9-9DBB-5FE4C382511A}.Release|Any CPU.Build.0 = Release|Any CPU
	EndGlobalSection
	GlobalSection(SolutionProperties) = preSolution
		HideSolutionNode = FALSE
	EndGlobalSection
	GlobalSection(NestedProjects) = preSolution
		{74D3C9DC-D9BC-449E-AE6A-CED2C759CF45} = {A77F645A-1D30-48F6-98C8-3D40D42EFF23}
		{FD54BB88-21AD-4FC6-8F60-6E119489A0E4} = {74D3C9DC-D9BC-449E-AE6A-CED2C759CF45}
		{6C394782-5B9C-47D5-9A88-BCA3DBDC9C85} = {74D3C9DC-D9BC-449E-AE6A-CED2C759CF45}
		{150A0418-A370-40A7-8188-91651DD13924} = {FD54BB88-21AD-4FC6-8F60-6E119489A0E4}
		{40B4CC99-7A11-4B83-8F7D-CEAA62460A35} = {6C394782-5B9C-47D5-9A88-BCA3DBDC9C85}
		{15B18F2B-2B7C-4F31-8C55-ED408EAF8715} = {6C394782-5B9C-47D5-9A88-BCA3DBDC9C85}
		{1F944BD7-0CCA-4937-BD81-297A1D2B5E0A} = {A77F645A-1D30-48F6-98C8-3D40D42EFF23}
		{6477572C-1A2F-4437-99D8-D27B1391E73F} = {1F944BD7-0CCA-4937-BD81-297A1D2B5E0A}
		{AD1028D6-006F-4186-A19C-C443BE6B14B7} = {19157F62-43DF-4B3D-BD39-35947365EAE2}
		{23D24528-5E5C-4174-B3E9-1168CFB0E0C3} = {AD1028D6-006F-4186-A19C-C443BE6B14B7}
		{F4541C61-865B-472E-AA87-AA0C2FC2C388} = {23D24528-5E5C-4174-B3E9-1168CFB0E0C3}
		{3977509C-1ADD-46D9-9DBB-5FE4C382511A} = {23D24528-5E5C-4174-B3E9-1168CFB0E0C3}
		{19157F62-43DF-4B3D-BD39-35947365EAE2} = {97368B7C-01DA-466C-8F29-FBE427AB979D}
	EndGlobalSection
	GlobalSection(ExtensibilityGlobals) = postSolution
		SolutionGuid = {06F23081-EA1A-4BDB-A268-23C5EF5226F6}
	EndGlobalSection
EndGlobal
